
Microsoft Visual Studio Solution File, Format Version 12.00
# Visual Studio 2013
VisualStudioVersion = 12.0.31101.0
MinimumVisualStudioVersion = 10.0.40219.1
Project("{FAE04EC0-301F-11D3-BF4B-00C04F79EFBC}") = "Byvejr", "Byvejr.csproj", "{F11DE18F-3C67-4E23-B5CD-77EEBE3255CF}"
EndProject
Global
	GlobalSection(SolutionConfigurationPlatforms) = preSolution
		Debug|Any CPU = Debug|Any CPU
		Release|Any CPU = Release|Any CPU
	EndGlobalSection
	GlobalSection(ProjectConfigurationPlatforms) = postSolution
		{F11DE18F-3C67-4E23-B5CD-77EEBE3255CF}.Debug|Any CPU.ActiveCfg = Debug|Any CPU
		{F11DE18F-3C67-4E23-B5CD-77EEBE3255CF}.Debug|Any CPU.Build.0 = Debug|Any CPU
		{F11DE18F-3C67-4E23-B5CD-77EEBE3255CF}.Release|Any CPU.ActiveCfg = Release|Any CPU
		{F11DE18F-3C67-4E23-B5CD-77EEBE3255CF}.Release|Any CPU.Build.0 = Release|Any CPU
	EndGlobalSection
	GlobalSection(SolutionProperties) = preSolution
		HideSolutionNode = FALSE
	EndGlobalSection
EndGlobal
